
Microsoft Visual Studio Solution File, Format Version 12.00
# Visual Studio Version 17
VisualStudioVersion = 17.3.32901.215
MinimumVisualStudioVersion = 10.0.40219.1
Project("{FAE04EC0-301F-11D3-BF4B-00C04F79EFBC}") = "Module15.HomeWork", "Module15.HomeWork\Module15.HomeWork.csproj", "{A43A612B-FDE5-4E16-922C-5D2DF5518B1F}"
EndProject
Global
	GlobalSection(SolutionConfigurationPlatforms) = preSolution
		Debug|Any CPU = Debug|Any CPU
		Release|Any CPU = Release|Any CPU
	EndGlobalSection
	GlobalSection(ProjectConfigurationPlatforms) = postSolution
		{A43A612B-FDE5-4E16-922C-5D2DF5518B1F}.Debug|Any CPU.ActiveCfg = Debug|Any CPU
		{A43A612B-FDE5-4E16-922C-5D2DF5518B1F}.Debug|Any CPU.Build.0 = Debug|Any CPU
		{A43A612B-FDE5-4E16-922C-5D2DF5518B1F}.Release|Any CPU.ActiveCfg = Release|Any CPU
		{A43A612B-FDE5-4E16-922C-5D2DF5518B1F}.Release|Any CPU.Build.0 = Release|Any CPU
	EndGlobalSection
	GlobalSection(SolutionProperties) = preSolution
		HideSolutionNode = FALSE
	EndGlobalSection
	GlobalSection(ExtensibilityGlobals) = postSolution
		SolutionGuid = {6F17502F-FCEC-4778-86E6-9A35BAB5F4E8}
	EndGlobalSection
EndGlobal
